{
  "name": "crud",
  "lockfileVersion": 3,
  "requires": true,
  "packages": {
    "": {
      "dependencies": {
        "@angular/animations": "^16.0.4",
        "ngx-pagination": "^6.0.3",
        "ngx-toastr": "^17.0.2"
      }
    },
    "node_modules/@angular/animations": {
      "version": "16.0.4",
      "resolved": "https://registry.npmjs.org/@angular/animations/-/animations-16.0.4.tgz",
      "integrity": "sha512-M0C21mav4gtzWrWf6zTAYImL+Vix0bEDM/FF9ktmm04yt3Y8VtcMeDNRQRLj6JTIbth/fyvKZ20HSYFD91ez2g==",
      "dependencies": {
        "tslib": "^2.3.0"
      },
      "engines": {
        "node": "^16.14.0 || >=18.10.0"
      },
      "peerDependencies": {
        "@angular/core": "16.0.4"
      }
    },
    "node_modules/@angular/common": {
      "version": "16.0.4",
      "resolved": "https://registry.npmjs.org/@angular/common/-/common-16.0.4.tgz",
      "integrity": "sha512-EX1u46Lwc0uGcc0jjaxFHcnkuXusytYcjcd9pc+7eNNIi9nvLJDRmd8VyZ12ozc6ynBO6vt0mFSpIpjUVsTheQ==",
      "peer": true,
      "dependencies": {
        "tslib": "^2.3.0"
      },
      "engines": {
        "node": "^16.14.0 || >=18.10.0"
      },
      "peerDependencies": {
        "@angular/core": "16.0.4",
        "rxjs": "^6.5.3 || ^7.4.0"
      }
    },
    "node_modules/@angular/core": {
      "version": "16.0.4",
      "resolved": "https://registry.npmjs.org/@angular/core/-/core-16.0.4.tgz",
      "integrity": "sha512-Lp/qGJt0NFFTKQHofaMjCdGYfVwGCyhBtcbioaTqi1wA5OwXfMZX5MgHZXl1KlnZs1YVqM8vO/Z/4kOxgYXvNQ==",
      "peer": true,
      "dependencies": {
        "tslib": "^2.3.0"
      },
      "engines": {
        "node": "^16.14.0 || >=18.10.0"
      },
      "peerDependencies": {
        "rxjs": "^6.5.3 || ^7.4.0",
        "zone.js": "~0.13.0"
      }
    },
    "node_modules/@angular/platform-browser": {
      "version": "16.0.4",
      "resolved": "https://registry.npmjs.org/@angular/platform-browser/-/platform-browser-16.0.4.tgz",
      "integrity": "sha512-sU9ZthOtTM8tJCX93MumRGDbkly4wZt0iucmqc7NYhWQfmwPBP+qVBEyXJneVOag6FU7OozyMoQ4e3274ka52w==",
      "peer": true,
      "dependencies": {
        "tslib": "^2.3.0"
      },
      "engines": {
        "node": "^16.14.0 || >=18.10.0"
      },
      "peerDependencies": {
        "@angular/animations": "16.0.4",
        "@angular/common": "16.0.4",
        "@angular/core": "16.0.4"
      },
      "peerDependenciesMeta": {
        "@angular/animations": {
          "optional": true
        }
      }
    },
    "node_modules/ngx-pagination": {
      "version": "6.0.3",
      "resolved": "https://registry.npmjs.org/ngx-pagination/-/ngx-pagination-6.0.3.tgz",
      "integrity": "sha512-lONjTQ7hFPh1SyhwDrRd5ZwM4NMGQ7bNR6vLrs6mrU0Z8Q1zCcWbf/pvyp4DOlGyd9uyZxRy2wUsSZLeIPjbAw==",
      "dependencies": {
        "tslib": "^2.3.0"
      },
      "peerDependencies": {
        "@angular/common": ">=13.0.0",
        "@angular/core": ">=13.0.0"
      }
    },
    "node_modules/ngx-toastr": {
      "version": "17.0.2",
      "resolved": "https://registry.npmjs.org/ngx-toastr/-/ngx-toastr-17.0.2.tgz",
      "integrity": "sha512-KehiPx6bkbiUyJbabf0ZA04+ASumS8r/y4wPsUOMI9OrBvBcfq27UQmWuQKoVR8E+9y4Pq7eZkSg2kvxNvpxTA==",
      "dependencies": {
        "tslib": "^2.3.0"
      },
      "peerDependencies": {
        "@angular/common": ">=16.0.0-0",
        "@angular/core": ">=16.0.0-0",
        "@angular/platform-browser": ">=16.0.0-0"
      }
    },
    "node_modules/rxjs": {
      "version": "7.8.1",
      "resolved": "https://registry.npmjs.org/rxjs/-/rxjs-7.8.1.tgz",
      "integrity": "sha512-AA3TVj+0A2iuIoQkWEK/tqFjBq2j+6PO6Y0zJcvzLAFhEFIO3HL0vls9hWLncZbAAbK0mar7oZ4V079I/qPMxg==",
      "peer": true,
      "dependencies": {
        "tslib": "^2.1.0"
      }
    },
    "node_modules/tslib": {
      "version": "2.5.2",
      "resolved": "https://registry.npmjs.org/tslib/-/tslib-2.5.2.tgz",
      "integrity": "sha512-5svOrSA2w3iGFDs1HibEVBGbDrAY82bFQ3HZ3ixB+88nsbsWQoKqDRb5UBYAUPEzbBn6dAp5gRNXglySbx1MlA=="
    },
    "node_modules/zone.js": {
      "version": "0.13.0",
      "resolved": "https://registry.npmjs.org/zone.js/-/zone.js-0.13.0.tgz",
      "integrity": "sha512-7m3hNNyswsdoDobCkYNAy5WiUulkMd3+fWaGT9ij6iq3Zr/IwJo4RMCYPSDjT+r7tnPErmY9sZpKhWQ8S5k6XQ==",
      "peer": true,
      "dependencies": {
        "tslib": "^2.3.0"
      }
    }
  }
}
